
Microsoft Visual Studio Solution File, Format Version 12.00
# Visual Studio Version 16
VisualStudioVersion = 16.0.29613.14
MinimumVisualStudioVersion = 10.0.40219.1
Project("{8BC9CEB8-8B4A-11D0-8D11-00A0C91BC942}") = "KT_CTDL", "KT_CTDL\KT_CTDL.vcxproj", "{F18319F8-900D-4BEC-B4C9-DA0C1ED4FFF2}"
EndProject
Global
	GlobalSection(SolutionConfigurationPlatforms) = preSolution
		Debug|x64 = Debug|x64
		Debug|x86 = Debug|x86
		Release|x64 = Release|x64
		Release|x86 = Release|x86
	EndGlobalSection
	GlobalSection(ProjectConfigurationPlatforms) = postSolution
		{F18319F8-900D-4BEC-B4C9-DA0C1ED4FFF2}.Debug|x64.ActiveCfg = Debug|x64
		{F18319F8-900D-4BEC-B4C9-DA0C1ED4FFF2}.Debug|x64.Build.0 = Debug|x64
		{F18319F8-900D-4BEC-B4C9-DA0C1ED4FFF2}.Debug|x86.ActiveCfg = Debug|Win32
		{F18319F8-900D-4BEC-B4C9-DA0C1ED4FFF2}.Debug|x86.Build.0 = Debug|Win32
		{F18319F8-900D-4BEC-B4C9-DA0C1ED4FFF2}.Release|x64.ActiveCfg = Release|x64
		{F18319F8-900D-4BEC-B4C9-DA0C1ED4FFF2}.Release|x64.Build.0 = Release|x64
		{F18319F8-900D-4BEC-B4C9-DA0C1ED4FFF2}.Release|x86.ActiveCfg = Release|Win32
		{F18319F8-900D-4BEC-B4C9-DA0C1ED4FFF2}.Release|x86.Build.0 = Release|Win32
	EndGlobalSection
	GlobalSection(SolutionProperties) = preSolution
		HideSolutionNode = FALSE
	EndGlobalSection
	GlobalSection(ExtensibilityGlobals) = postSolution
		SolutionGuid = {465B36A2-0033-4AFD-A0A2-114AC55133DA}
	EndGlobalSection
EndGlobal
